
Microsoft Visual Studio Solution File, Format Version 12.00
# Visual Studio Version 17
VisualStudioVersion = 17.5.33516.290
MinimumVisualStudioVersion = 10.0.40219.1
Project("{FAE04EC0-301F-11D3-BF4B-00C04F79EFBC}") = "HotelReservationManager", "HotelReservationManager\HotelReservationManager.csproj", "{B60C0C3E-8BA6-42BB-B5A0-4DCC67B69AB3}"
EndProject
Global
	GlobalSection(SolutionConfigurationPlatforms) = preSolution
		Debug|Any CPU = Debug|Any CPU
		Release|Any CPU = Release|Any CPU
	EndGlobalSection
	GlobalSection(ProjectConfigurationPlatforms) = postSolution
		{B60C0C3E-8BA6-42BB-B5A0-4DCC67B69AB3}.Debug|Any CPU.ActiveCfg = Debug|Any CPU
		{B60C0C3E-8BA6-42BB-B5A0-4DCC67B69AB3}.Debug|Any CPU.Build.0 = Debug|Any CPU
		{B60C0C3E-8BA6-42BB-B5A0-4DCC67B69AB3}.Release|Any CPU.ActiveCfg = Release|Any CPU
		{B60C0C3E-8BA6-42BB-B5A0-4DCC67B69AB3}.Release|Any CPU.Build.0 = Release|Any CPU
	EndGlobalSection
	GlobalSection(SolutionProperties) = preSolution
		HideSolutionNode = FALSE
	EndGlobalSection
	GlobalSection(ExtensibilityGlobals) = postSolution
		SolutionGuid = {4F8C2C16-08EE-49C1-8402-18BCB9EAAB98}
	EndGlobalSection
EndGlobal
